
Microsoft Visual Studio Solution File, Format Version 12.00
# Visual Studio Version 17
VisualStudioVersion = 17.13.35818.85
MinimumVisualStudioVersion = 10.0.40219.1
Project("{FAE04EC0-301F-11D3-BF4B-00C04F79EFBC}") = "TestApp", "TestApp\TestApp.csproj", "{DFE6EA1C-15CA-4FFF-9A1B-AB54347F5186}"
EndProject
Global
	GlobalSection(SolutionConfigurationPlatforms) = preSolution
		Debug|Any CPU = Debug|Any CPU
		Release|Any CPU = Release|Any CPU
	EndGlobalSection
	GlobalSection(ProjectConfigurationPlatforms) = postSolution
		{DFE6EA1C-15CA-4FFF-9A1B-AB54347F5186}.Debug|Any CPU.ActiveCfg = Debug|Any CPU
		{DFE6EA1C-15CA-4FFF-9A1B-AB54347F5186}.Debug|Any CPU.Build.0 = Debug|Any CPU
		{DFE6EA1C-15CA-4FFF-9A1B-AB54347F5186}.Debug|Any CPU.Deploy.0 = Debug|Any CPU
		{DFE6EA1C-15CA-4FFF-9A1B-AB54347F5186}.Release|Any CPU.ActiveCfg = Release|Any CPU
		{DFE6EA1C-15CA-4FFF-9A1B-AB54347F5186}.Release|Any CPU.Build.0 = Release|Any CPU
	EndGlobalSection
	GlobalSection(SolutionProperties) = preSolution
		HideSolutionNode = FALSE
	EndGlobalSection
	GlobalSection(ExtensibilityGlobals) = postSolution
		SolutionGuid = {13A5618C-861C-4F3B-A985-7E4B204DDD52}
	EndGlobalSection
EndGlobal
